// !$*UTF8*$!
{
	archiveVersion = 1;
	classes = {
	};
	objectVersion = 46;
	objects = {

/* Begin PBXBuildFile section */
		7FD5AB2C1B540828007B4574 /* AppDelegate.swift in Sources */ = {isa = PBXBuildFile; fileRef = 7FD5AB2B1B540828007B4574 /* AppDelegate.swift */; };
		7FD5AB2E1B540828007B4574 /* ViewController.swift in Sources */ = {isa = PBXBuildFile; fileRef = 7FD5AB2D1B540828007B4574 /* ViewController.swift */; };
		7FD5AB311B540828007B4574 /* Main.storyboard in Resources */ = {isa = PBXBuildFile; fileRef = 7FD5AB2F1B540828007B4574 /* Main.storyboard */; };
		7FD5AB331B540828007B4574 /* Images.xcassets in Resources */ = {isa = PBXBuildFile; fileRef = 7FD5AB321B540828007B4574 /* Images.xcassets */; };
		7FD5AB361B540828007B4574 /* LaunchScreen.xib in Resources */ = {isa = PBXBuildFile; fileRef = 7FD5AB341B540828007B4574 /* LaunchScreen.xib */; };
		7FD5AB421B540829007B4574 /* try_swifthamcrestTests.swift in Sources */ = {isa = PBXBuildFile; fileRef = 7FD5AB411B540829007B4574 /* try_swifthamcrestTests.swift */; };
		B8DAA48037BE744A94FC91EA /* Pods_try_swifthamcrestTests.framework in Frameworks */ = {isa = PBXBuildFile; fileRef = 72379557F8006B46FC5A150C /* Pods_try_swifthamcrestTests.framework */; settings = {ATTRIBUTES = (Weak, ); }; };
/* End PBXBuildFile section */

/* Begin PBXContainerItemProxy section */
		7FD5AB3C1B540828007B4574 /* PBXContainerItemProxy */ = {
			isa = PBXContainerItemProxy;
			containerPortal = 7FD5AB1E1B540828007B4574 /* Project object */;
			proxyType = 1;
			remoteGlobalIDString = 7FD5AB251B540828007B4574;
			remoteInfo = "try-swifthamcrest";
		};
/* End PBXContainerItemProxy section */

/* Begin PBXFileReference section */
		72379557F8006B46FC5A150C /* Pods_try_swifthamcrestTests.framework */ = {isa = PBXFileReference; explicitFileType = wrapper.framework; includeInIndex = 0; path = Pods_try_swifthamcrestTests.framework; sourceTree = BUILT_PRODUCTS_DIR; };
		7FD5AB261B540828007B4574 /* try-swifthamcrest.app */ = {isa = PBXFileReference; explicitFileType = wrapper.application; includeInIndex = 0; path = "try-swifthamcrest.app"; sourceTree = BUILT_PRODUCTS_DIR; };
		7FD5AB2A1B540828007B4574 /* Info.plist */ = {isa = PBXFileReference; lastKnownFileType = text.plist.xml; path = Info.plist; sourceTree = "<group>"; };
		7FD5AB2B1B540828007B4574 /* AppDelegate.swift */ = {isa = PBXFileReference; lastKnownFileType = sourcecode.swift; path = AppDelegate.swift; sourceTree = "<group>"; };
		7FD5AB2D1B540828007B4574 /* ViewController.swift */ = {isa = PBXFileReference; lastKnownFileType = sourcecode.swift; path = ViewController.swift; sourceTree = "<group>"; };
		7FD5AB301B540828007B4574 /* Base */ = {isa = PBXFileReference; lastKnownFileType = file.storyboard; name = Base; path = Base.lproj/Main.storyboard; sourceTree = "<group>"; };
		7FD5AB321B540828007B4574 /* Images.xcassets */ = {isa = PBXFileReference; lastKnownFileType = folder.assetcatalog; path = Images.xcassets; sourceTree = "<group>"; };
		7FD5AB351B540828007B4574 /* Base */ = {isa = PBXFileReference; lastKnownFileType = file.xib; name = Base; path = Base.lproj/LaunchScreen.xib; sourceTree = "<group>"; };
		7FD5AB3B1B540828007B4574 /* try-swifthamcrestTests.xctest */ = {isa = PBXFileReference; explicitFileType = wrapper.cfbundle; includeInIndex = 0; path = "try-swifthamcrestTests.xctest"; sourceTree = BUILT_PRODUCTS_DIR; };
		7FD5AB401B540829007B4574 /* Info.plist */ = {isa = PBXFileReference; lastKnownFileType = text.plist.xml; path = Info.plist; sourceTree = "<group>"; };
		7FD5AB411B540829007B4574 /* try_swifthamcrestTests.swift */ = {isa = PBXFileReference; lastKnownFileType = sourcecode.swift; path = try_swifthamcrestTests.swift; sourceTree = "<group>"; };
		A019C26EB5D6FF2B3E2CDC76 /* Pods-try-swifthamcrestTests.debug.xcconfig */ = {isa = PBXFileReference; includeInIndex = 1; lastKnownFileType = text.xcconfig; name = "Pods-try-swifthamcrestTests.debug.xcconfig"; path = "Pods/Target Support Files/Pods-try-swifthamcrestTests/Pods-try-swifthamcrestTests.debug.xcconfig"; sourceTree = "<group>"; };
		C73B103D5586897D4D985021 /* Pods-try-swifthamcrestTests.release.xcconfig */ = {isa = PBXFileReference; includeInIndex = 1; lastKnownFileType = text.xcconfig; name = "Pods-try-swifthamcrestTests.release.xcconfig"; path = "Pods/Target Support Files/Pods-try-swifthamcrestTests/Pods-try-swifthamcrestTests.release.xcconfig"; sourceTree = "<group>"; };
/* End PBXFileReference section */

/* Begin PBXFrameworksBuildPhase section */
		7FD5AB231B540828007B4574 /* Frameworks */ = {
			isa = PBXFrameworksBuildPhase;
			buildActionMask = 2147483647;
			files = (
			);
			runOnlyForDeploymentPostprocessing = 0;
		};
		7FD5AB381B540828007B4574 /* Frameworks */ = {
			isa = PBXFrameworksBuildPhase;
			buildActionMask = 2147483647;
			files = (
				B8DAA48037BE744A94FC91EA /* Pods_try_swifthamcrestTests.framework in Frameworks */,
			);
			runOnlyForDeploymentPostprocessing = 0;
		};
/* End PBXFrameworksBuildPhase section */

/* Begin PBXGroup section */
		691DEB4DD8AF282AB530BB69 /* Pods */ = {
			isa = PBXGroup;
			children = (
				A019C26EB5D6FF2B3E2CDC76 /* Pods-try-swifthamcrestTests.debug.xcconfig */,
				C73B103D5586897D4D985021 /* Pods-try-swifthamcrestTests.release.xcconfig */,
			);
			name = Pods;
			sourceTree = "<group>";
		};
		7FD5AB1D1B540828007B4574 = {
			isa = PBXGroup;
			children = (
				7FD5AB281B540828007B4574 /* try-swifthamcrest */,
				7FD5AB3E1B540829007B4574 /* try-swifthamcrestTests */,
				7FD5AB271B540828007B4574 /* Products */,
				691DEB4DD8AF282AB530BB69 /* Pods */,
				973B05E75DA23390D680B460 /* Frameworks */,
			);
			sourceTree = "<group>";
		};
		7FD5AB271B540828007B4574 /* Products */ = {
			isa = PBXGroup;
			children = (
				7FD5AB261B540828007B4574 /* try-swifthamcrest.app */,
				7FD5AB3B1B540828007B4574 /* try-swifthamcrestTests.xctest */,
			);
			name = Products;
			sourceTree = "<group>";
		};
		7FD5AB281B540828007B4574 /* try-swifthamcrest */ = {
			isa = PBXGroup;
			children = (
				7FD5AB2B1B540828007B4574 /* AppDelegate.swift */,
				7FD5AB2D1B540828007B4574 /* ViewController.swift */,
				7FD5AB2F1B540828007B4574 /* Main.storyboard */,
				7FD5AB321B540828007B4574 /* Images.xcassets */,
				7FD5AB341B540828007B4574 /* LaunchScreen.xib */,
				7FD5AB291B540828007B4574 /* Supporting Files */,
			);
			path = "try-swifthamcrest";
			sourceTree = "<group>";
		};
		7FD5AB291B540828007B4574 /* Supporting Files */ = {
			isa = PBXGroup;
			children = (
				7FD5AB2A1B540828007B4574 /* Info.plist */,
			);
			name = "Supporting Files";
			sourceTree = "<group>";
		};
		7FD5AB3E1B540829007B4574 /* try-swifthamcrestTests */ = {
			isa = PBXGroup;
			children = (
				7FD5AB411B540829007B4574 /* try_swifthamcrestTests.swift */,
				7FD5AB3F1B540829007B4574 /* Supporting Files */,
			);
			path = "try-swifthamcrestTests";
			sourceTree = "<group>";
		};
		7FD5AB3F1B540829007B4574 /* Supporting Files */ = {
			isa = PBXGroup;
			children = (
				7FD5AB401B540829007B4574 /* Info.plist */,
			);
			name = "Supporting Files";
			sourceTree = "<group>";
		};
		973B05E75DA23390D680B460 /* Frameworks */ = {
			isa = PBXGroup;
			children = (
				72379557F8006B46FC5A150C /* Pods_try_swifthamcrestTests.framework */,
			);
			name = Frameworks;
			sourceTree = "<group>";
		};
/* End PBXGroup section */

/* Begin PBXNativeTarget section */
		7FD5AB251B540828007B4574 /* try-swifthamcrest */ = {
			isa = PBXNativeTarget;
			buildConfigurationList = 7FD5AB451B540829007B4574 /* Build configuration list for PBXNativeTarget "try-swifthamcrest" */;
			buildPhases = (
				7FD5AB221B540828007B4574 /* Sources */,
				7FD5AB231B540828007B4574 /* Frameworks */,
				7FD5AB241B540828007B4574 /* Resources */,
			);
			buildRules = (
			);
			dependencies = (
			);
			name = "try-swifthamcrest";
			productName = "try-swifthamcrest";
			productReference = 7FD5AB261B540828007B4574 /* try-swifthamcrest.app */;
			productType = "com.apple.product-type.application";
		};
		7FD5AB3A1B540828007B4574 /* try-swifthamcrestTests */ = {
			isa = PBXNativeTarget;
			buildConfigurationList = 7FD5AB481B540829007B4574 /* Build configuration list for PBXNativeTarget "try-swifthamcrestTests" */;
			buildPhases = (
				27A9F996BEC8A2C235CB4E6F /* Check Pods Manifest.lock */,
				7FD5AB371B540828007B4574 /* Sources */,
				7FD5AB381B540828007B4574 /* Frameworks */,
				7FD5AB391B540828007B4574 /* Resources */,
				114A7B8331FCAE7203E93234 /* Copy Pods Resources */,
				A9BCF37F5F617F7CBA505BE1 /* Embed Pods Frameworks */,
			);
			buildRules = (
			);
			dependencies = (
				7FD5AB3D1B540828007B4574 /* PBXTargetDependency */,
			);
			name = "try-swifthamcrestTests";
			productName = "try-swifthamcrestTests";
			productReference = 7FD5AB3B1B540828007B4574 /* try-swifthamcrestTests.xctest */;
			productType = "com.apple.product-type.bundle.unit-test";
		};
/* End PBXNativeTarget section */

/* Begin PBXProject section */
		7FD5AB1E1B540828007B4574 /* Project object */ = {
			isa = PBXProject;
			attributes = {
				LastUpgradeCheck = 0640;
				ORGANIZATIONNAME = "Matt Mayo";
				TargetAttributes = {
					7FD5AB251B540828007B4574 = {
						CreatedOnToolsVersion = 6.4;
					};
					7FD5AB3A1B540828007B4574 = {
						CreatedOnToolsVersion = 6.4;
						TestTargetID = 7FD5AB251B540828007B4574;
					};
				};
			};
			buildConfigurationList = 7FD5AB211B540828007B4574 /* Build configuration list for PBXProject "try-swifthamcrest" */;
			compatibilityVersion = "Xcode 3.2";
			developmentRegion = English;
			hasScannedForEncodings = 0;
			knownRegions = (
				en,
				Base,
			);
			mainGroup = 7FD5AB1D1B540828007B4574;
			productRefGroup = 7FD5AB271B540828007B4574 /* Products */;
			projectDirPath = "";
			projectRoot = "";
			targets = (
				7FD5AB251B540828007B4574 /* try-swifthamcrest */,
				7FD5AB3A1B540828007B4574 /* try-swifthamcrestTests */,
			);
		};
/* End PBXProject section */

/* Begin PBXResourcesBuildPhase section */
		7FD5AB241B540828007B4574 /* Resources */ = {
			isa = PBXResourcesBuildPhase;
			buildActionMask = 2147483647;
			files = (
				7FD5AB311B540828007B4574 /* Main.storyboard in Resources */,
				7FD5AB361B540828007B4574 /* LaunchScreen.xib in Resources */,
				7FD5AB331B540828007B4574 /* Images.xcassets in Resources */,
			);
			runOnlyForDeploymentPostprocessing = 0;
		};
		7FD5AB391B540828007B4574 /* Resources */ = {
			isa = PBXResourcesBuildPhase;
			buildActionMask = 2147483647;
			files = (
			);
			runOnlyForDeploymentPostprocessing = 0;
		};
/* End PBXResourcesBuildPhase section */

/* Begin PBXShellScriptBuildPhase section */
		114A7B8331FCAE7203E93234 /* Copy Pods Resources */ = {
			isa = PBXShellScriptBuildPhase;
			buildActionMask = 2147483647;
			files = (
			);
			inputPaths = (
			);
			name = "Copy Pods Resources";
			outputPaths = (
			);
			runOnlyForDeploymentPostprocessing = 0;
			shellPath = /bin/sh;
			shellScript = "\"${SRCROOT}/Pods/Target Support Files/Pods-try-swifthamcrestTests/Pods-try-swifthamcrestTests-resources.sh\"\n";
			showEnvVarsInLog = 0;
		};
		27A9F996BEC8A2C235CB4E6F /* Check Pods Manifest.lock */ = {
			isa = PBXShellScriptBuildPhase;
			buildActionMask = 2147483647;
			files = (
			);
			inputPaths = (
			);
			name = "Check Pods Manifest.lock";
			outputPaths = (
			);
			runOnlyForDeploymentPostprocessing = 0;
			shellPath = /bin/sh;
			shellScript = "diff \"${PODS_ROOT}/../Podfile.lock\" \"${PODS_ROOT}/Manifest.lock\" > /dev/null\nif [[ $? != 0 ]] ; then\n    cat << EOM\nerror: The sandbox is not in sync with the Podfile.lock. Run 'pod install' or update your CocoaPods installation.\nEOM\n    exit 1\nfi\n";
			showEnvVarsInLog = 0;
		};
		A9BCF37F5F617F7CBA505BE1 /* Embed Pods Frameworks */ = {
			isa = PBXShellScriptBuildPhase;
			buildActionMask = 2147483647;
			files = (
			);
			inputPaths = (
			);
			name = "Embed Pods Frameworks";
			outputPaths = (
			);
			runOnlyForDeploymentPostprocessing = 0;
			shellPath = /bin/sh;
			shellScript = "\"${SRCROOT}/Pods/Target Support Files/Pods-try-swifthamcrestTests/Pods-try-swifthamcrestTests-frameworks.sh\"\n";
			showEnvVarsInLog = 0;
		};
/* End PBXShellScriptBuildPhase section */

/* Begin PBXSourcesBuildPhase section */
		7FD5AB221B540828007B4574 /* Sources */ = {
			isa = PBXSourcesBuildPhase;
			buildActionMask = 2147483647;
			files = (
				7FD5AB2E1B540828007B4574 /* ViewController.swift in Sources */,
				7FD5AB2C1B540828007B4574 /* AppDelegate.swift in Sources */,
			);
			runOnlyForDeploymentPostprocessing = 0;
		};
		7FD5AB371B540828007B4574 /* Sources */ = {
			isa = PBXSourcesBuildPhase;
			buildActionMask = 2147483647;
			files = (
				7FD5AB421B540829007B4574 /* try_swifthamcrestTests.swift in Sources */,
			);
			runOnlyForDeploymentPostprocessing = 0;
		};
/* End PBXSourcesBuildPhase section */

/* Begin PBXTargetDependency section */
		7FD5AB3D1B540828007B4574 /* PBXTargetDependency */ = {
			isa = PBXTargetDependency;
			target = 7FD5AB251B540828007B4574 /* try-swifthamcrest */;
			targetProxy = 7FD5AB3C1B540828007B4574 /* PBXContainerItemProxy */;
		};
/* End PBXTargetDependency section */

/* Begin PBXVariantGroup section */
		7FD5AB2F1B540828007B4574 /* Main.storyboard */ = {
			isa = PBXVariantGroup;
			children = (
				7FD5AB301B540828007B4574 /* Base */,
			);
			name = Main.storyboard;
			sourceTree = "<group>";
		};
		7FD5AB341B540828007B4574 /* LaunchScreen.xib */ = {
			isa = PBXVariantGroup;
			children = (
				7FD5AB351B540828007B4574 /* Base */,
			);
			name = LaunchScreen.xib;
			sourceTree = "<group>";
		};
/* End PBXVariantGroup section */

/* Begin XCBuildConfiguration section */
		7FD5AB431B540829007B4574 /* Debug */ = {
			isa = XCBuildConfiguration;
			buildSettings = {
				ALWAYS_SEARCH_USER_PATHS = NO;
				CLANG_CXX_LANGUAGE_STANDARD = "gnu++0x";
				CLANG_CXX_LIBRARY = "libc++";
				CLANG_ENABLE_MODULES = YES;
				CLANG_ENABLE_OBJC_ARC = YES;
				CLANG_WARN_BOOL_CONVERSION = YES;
				CLANG_WARN_CONSTANT_CONVERSION = YES;
				CLANG_WARN_DIRECT_OBJC_ISA_USAGE = YES_ERROR;
				CLANG_WARN_EMPTY_BODY = YES;
				CLANG_WARN_ENUM_CONVERSION = YES;
				CLANG_WARN_INT_CONVERSION = YES;
				CLANG_WARN_OBJC_ROOT_CLASS = YES_ERROR;
				CLANG_WARN_UNREACHABLE_CODE = YES;
				CLANG_WARN__DUPLICATE_METHOD_MATCH = YES;
				"CODE_SIGN_IDENTITY[sdk=iphoneos*]" = "iPhone Developer";
				COPY_PHASE_STRIP = NO;
				DEBUG_INFORMATION_FORMAT = "dwarf-with-dsym";
				ENABLE_STRICT_OBJC_MSGSEND = YES;
				GCC_C_LANGUAGE_STANDARD = gnu99;
				GCC_DYNAMIC_NO_PIC = NO;
				GCC_NO_COMMON_BLOCKS = YES;
				GCC_OPTIMIZATION_LEVEL = 0;
				GCC_PREPROCESSOR_DEFINITIONS = (
					"DEBUG=1",
					"$(inherited)",
				);
				GCC_SYMBOLS_PRIVATE_EXTERN = NO;
				GCC_WARN_64_TO_32_BIT_CONVERSION = YES;
				GCC_WARN_ABOUT_RETURN_TYPE = YES_ERROR;
				GCC_WARN_UNDECLARED_SELECTOR = YES;
				GCC_WARN_UNINITIALIZED_AUTOS = YES_AGGRESSIVE;
				GCC_WARN_UNUSED_FUNCTION = YES;
				GCC_WARN_UNUSED_VARIABLE = YES;
				IPHONEOS_DEPLOYMENT_TARGET = 8.4;
				MTL_ENABLE_DEBUG_INFO = YES;
				ONLY_ACTIVE_ARCH = YES;
				SDKROOT = iphoneos;
				SWIFT_OPTIMIZATION_LEVEL = "-Onone";
				TARGETED_DEVICE_FAMILY = "1,2";
			};
			name = Debug;
		};
		7FD5AB441B540829007B4574 /* Release */ = {
			isa = XCBuildConfiguration;
			buildSettings = {
				ALWAYS_SEARCH_USER_PATHS = NO;
				CLANG_CXX_LANGUAGE_STANDARD = "gnu++0x";
				CLANG_CXX_LIBRARY = "libc++";
				CLANG_ENABLE_MODULES = YES;
				CLANG_ENABLE_OBJC_ARC = YES;
				CLANG_WARN_BOOL_CONVERSION = YES;
				CLANG_WARN_CONSTANT_CONVERSION = YES;
				CLANG_WARN_DIRECT_OBJC_ISA_USAGE = YES_ERROR;
				CLANG_WARN_EMPTY_BODY = YES;
				CLANG_WARN_ENUM_CONVERSION = YES;
				CLANG_WARN_INT_CONVERSION = YES;
				CLANG_WARN_OBJC_ROOT_CLASS = YES_ERROR;
				CLANG_WARN_UNREACHABLE_CODE = YES;
				CLANG_WARN__DUPLICATE_METHOD_MATCH = YES;
				"CODE_SIGN_IDENTITY[sdk=iphoneos*]" = "iPhone Developer";
				COPY_PHASE_STRIP = NO;
				DEBUG_INFORMATION_FORMAT = "dwarf-with-dsym";
				ENABLE_NS_ASSERTIONS = NO;
				ENABLE_STRICT_OBJC_MSGSEND = YES;
				GCC_C_LANGUAGE_STANDARD = gnu99;
				GCC_NO_COMMON_BLOCKS = YES;
				GCC_WARN_64_TO_32_BIT_CONVERSION = YES;
				GCC_WARN_ABOUT_RETURN_TYPE = YES_ERROR;
				GCC_WARN_UNDECLARED_SELECTOR = YES;
				GCC_WARN_UNINITIALIZED_AUTOS = YES_AGGRESSIVE;
				GCC_WARN_UNUSED_FUNCTION = YES;
				GCC_WARN_UNUSED_VARIABLE = YES;
				IPHONEOS_DEPLOYMENT_TARGET = 8.4;
				MTL_ENABLE_DEBUG_INFO = NO;
				SDKROOT = iphoneos;
				TARGETED_DEVICE_FAMILY = "1,2";
				VALIDATE_PRODUCT = YES;
			};
			name = Release;
		};
		7FD5AB461B540829007B4574 /* Debug */ = {
			isa = XCBuildConfiguration;
			buildSettings = {
				ASSETCATALOG_COMPILER_APPICON_NAME = AppIcon;
				INFOPLIST_FILE = "try-swifthamcrest/Info.plist";
				LD_RUNPATH_SEARCH_PATHS = "$(inherited) @executable_path/Frameworks";
				PRODUCT_NAME = "$(TARGET_NAME)";
			};
			name = Debug;
		};
		7FD5AB471B540829007B4574 /* Release */ = {
			isa = XCBuildConfiguration;
			buildSettings = {
				ASSETCATALOG_COMPILER_APPICON_NAME = AppIcon;
				INFOPLIST_FILE = "try-swifthamcrest/Info.plist";
				LD_RUNPATH_SEARCH_PATHS = "$(inherited) @executable_path/Frameworks";
				PRODUCT_NAME = "$(TARGET_NAME)";
			};
			name = Release;
		};
		7FD5AB491B540829007B4574 /* Debug */ = {
			isa = XCBuildConfiguration;
			baseConfigurationReference = A019C26EB5D6FF2B3E2CDC76 /* Pods-try-swifthamcrestTests.debug.xcconfig */;
			buildSettings = {
				BUNDLE_LOADER = "$(TEST_HOST)";
				FRAMEWORK_SEARCH_PATHS = (
					"$(SDKROOT)/Developer/Library/Frameworks",
					"$(inherited)",
				);
				GCC_PREPROCESSOR_DEFINITIONS = (
					"DEBUG=1",
					"$(inherited)",
				);
				INFOPLIST_FILE = "try-swifthamcrestTests/Info.plist";
				LD_RUNPATH_SEARCH_PATHS = "$(inherited) @executable_path/Frameworks @loader_path/Frameworks";
				PRODUCT_NAME = "$(TARGET_NAME)";
				TEST_HOST = "$(BUILT_PRODUCTS_DIR)/try-swifthamcrest.app/try-swifthamcrest";
			};
			name = Debug;
		};
		7FD5AB4A1B540829007B4574 /* Release */ = {
			isa = XCBuildConfiguration;
			baseConfigurationReference = C73B103D5586897D4D985021 /* Pods-try-swifthamcrestTests.release.xcconfig */;
			buildSettings = {
				BUNDLE_LOADER = "$(TEST_HOST)";
				FRAMEWORK_SEARCH_PATHS = (
					"$(SDKROOT)/Developer/Library/Frameworks",
					"$(inherited)",
				);
				INFOPLIST_FILE = "try-swifthamcrestTests/Info.plist";
				LD_RUNPATH_SEARCH_PATHS = "$(inherited) @executable_path/Frameworks @loader_path/Frameworks";
				PRODUCT_NAME = "$(TARGET_NAME)";
				TEST_HOST = "$(BUILT_PRODUCTS_DIR)/try-swifthamcrest.app/try-swifthamcrest";
			};
			name = Release;
		};
/* End XCBuildConfiguration section */

/* Begin XCConfigurationList section */
		7FD5AB211B540828007B4574 /* Build configuration list for PBXProject "try-swifthamcrest" */ = {
			isa = XCConfigurationList;
			buildConfigurations = (
				7FD5AB431B540829007B4574 /* Debug */,
				7FD5AB441B540829007B4574 /* Release */,
			);
			defaultConfigurationIsVisible = 0;
			defaultConfigurationName = Release;
		};
		7FD5AB451B540829007B4574 /* Build configuration list for PBXNativeTarget "try-swifthamcrest" */ = {
			isa = XCConfigurationList;
			buildConfigurations = (
				7FD5AB461B540829007B4574 /* Debug */,
				7FD5AB471B540829007B4574 /* Release */,
			);
			defaultConfigurationIsVisible = 0;
			defaultConfigurationName = Release;
		};
		7FD5AB481B540829007B4574 /* Build configuration list for PBXNativeTarget "try-swifthamcrestTests" */ = {
			isa = XCConfigurationList;
			buildConfigurations = (
				7FD5AB491B540829007B4574 /* Debug */,
				7FD5AB4A1B540829007B4574 /* Release */,
			);
			defaultConfigurationIsVisible = 0;
			defaultConfigurationName = Release;
		};
/* End XCConfigurationList section */
	};
	rootObject = 7FD5AB1E1B540828007B4574 /* Project object */;
}
